{
  "name": "iot_lab2",
  "version": "1.0.0",
  "lockfileVersion": 1,
  "requires": true,
  "dependencies": {
    "@electron/get": {
      "version": "1.14.1",
      "resolved": "https://artifacts-read.gkp.jpmchase.net/artifactory/api/npm/npm-external/@electron/get/-/get-1.14.1.tgz",
      "integrity": "sha1-Frp18C3/t0wjll5y1hetxyHSf0A=",
      "requires": {
        "debug": "^4.1.1",
        "env-paths": "^2.2.0",
        "fs-extra": "^8.1.0",
        "global-agent": "^3.0.0",
        "global-tunnel-ng": "^2.7.1",
        "got": "^9.6.0",
        "progress": "^2.0.3",
        "semver": "^6.2.0",
        "sumchecker": "^3.0.1"
      }
    },
    "@sindresorhus/is": {
      "version": "0.14.0",
      "resolved": "https://artifacts-read.gkp.jpmchase.net/artifactory/api/npm/npm-external/@sindresorhus/is/-/is-0.14.0.tgz",
      "integrity": "sha1-n7OjzzEyMoFR81PeRjLgHlIQK+o="
    },
    "@szmarczak/http-timer": {
      "version": "1.1.2",
      "resolved": "https://artifacts-read.gkp.jpmchase.net/artifactory/api/npm/npm-external/@szmarczak/http-timer/-/http-timer-1.1.2.tgz",
      "integrity": "sha1-sWZeLEYaLNkvTBu/UNVFTeDUtCE=",
      "requires": {
        "defer-to-connect": "^1.0.1"
      }
    },
    "@types/node": {
      "version": "16.18.14",
      "resolved": "https://artifacts-read.gkp.jpmchase.net/artifactory/api/npm/npm-external/@types/node/-/node-16.18.14.tgz",
      "integrity": "sha1-VGXOWYSGpwPK3b7+hgP4os/6NGE="
    },
    "@types/yauzl": {
      "version": "2.10.0",
      "resolved": "https://artifacts-read.gkp.jpmchase.net/artifactory/api/npm/npm-external/@types/yauzl/-/yauzl-2.10.0.tgz",
      "integrity": "sha1-sySClSds+MbxU+vmqaugyYjLJZk=",
      "optional": true,
      "requires": {
        "@types/node": "*"
      }
    },
    "boolean": {
      "version": "3.2.0",
      "resolved": "https://artifacts-read.gkp.jpmchase.net/artifactory/api/npm/npm-external/boolean/-/boolean-3.2.0.tgz",
      "integrity": "sha1-nlKUr06YMUSUy7F5efpUyhWfEWs=",
      "optional": true
    },
    "buffer-crc32": {
      "version": "0.2.13",
      "resolved": "https://artifacts-read.gkp.jpmchase.net/artifactory/api/npm/npm-external/buffer-crc32/-/buffer-crc32-0.2.13.tgz",
      "integrity": "sha1-DTM+PwDqxQqhRUq9MO+MKl2ackI="
    },
    "cacheable-request": {
      "version": "6.1.0",
      "resolved": "https://artifacts-read.gkp.jpmchase.net/artifactory/api/npm/npm-external/cacheable-request/-/cacheable-request-6.1.0.tgz",
      "integrity": "sha1-IP+4vRYrpL4R6VZ9gj22UQUsqRI=",
      "requires": {
        "clone-response": "^1.0.2",
        "get-stream": "^5.1.0",
        "http-cache-semantics": "^4.0.0",
        "keyv": "^3.0.0",
        "lowercase-keys": "^2.0.0",
        "normalize-url": "^4.1.0",
        "responselike": "^1.0.2"
      },
      "dependencies": {
        "get-stream": {
          "version": "5.2.0",
          "resolved": "https://artifacts-read.gkp.jpmchase.net/artifactory/api/npm/npm-external/get-stream/-/get-stream-5.2.0.tgz",
          "integrity": "sha1-SWaheV7lrOZecGxLe+txJX1uItM=",
          "requires": {
            "pump": "^3.0.0"
          }
        },
        "lowercase-keys": {
          "version": "2.0.0",
          "resolved": "https://artifacts-read.gkp.jpmchase.net/artifactory/api/npm/npm-external/lowercase-keys/-/lowercase-keys-2.0.0.tgz",
          "integrity": "sha1-JgPni3tLAAbLyi+8yKMgJVislHk="
        }
      }
    },
    "clone-response": {
      "version": "1.0.3",
      "resolved": "https://artifacts-read.gkp.jpmchase.net/artifactory/api/npm/npm-external/clone-response/-/clone-response-1.0.3.tgz",
      "integrity": "sha1-ryAyqkeBY5nPXwodDbkC9ReruMM=",
      "requires": {
        "mimic-response": "^1.0.0"
      }
    },
    "config-chain": {
      "version": "1.1.13",
      "resolved": "https://artifacts-read.gkp.jpmchase.net/artifactory/api/npm/npm-external/config-chain/-/config-chain-1.1.13.tgz",
      "integrity": "sha1-+tB5Wqamza/57Rto6d/5Q3LCMvQ=",
      "optional": true,
      "requires": {
        "ini": "^1.3.4",
        "proto-list": "~1.2.1"
      }
    },
    "debug": {
      "version": "4.3.4",
      "resolved": "https://artifacts-read.gkp.jpmchase.net/artifactory/api/npm/npm-external/debug/-/debug-4.3.4.tgz",
      "integrity": "sha1-Exn2V5NX8jONMzfSzdSRS7XcyGU=",
      "requires": {
        "ms": "2.1.2"
      }
    },
    "decompress-response": {
      "version": "3.3.0",
      "resolved": "https://artifacts-read.gkp.jpmchase.net/artifactory/api/npm/npm-external/decompress-response/-/decompress-response-3.3.0.tgz",
      "integrity": "sha1-gKTdMjdIOEv6JICDYirt7Jgq3/M=",
      "requires": {
        "mimic-response": "^1.0.0"
      }
    },
    "defer-to-connect": {
      "version": "1.1.3",
      "resolved": "https://artifacts-read.gkp.jpmchase.net/artifactory/api/npm/npm-external/defer-to-connect/-/defer-to-connect-1.1.3.tgz",
      "integrity": "sha1-MxrgUMCNz3ifjIOnuB8O2U9KxZE="
    },
    "define-properties": {
      "version": "1.2.0",
      "resolved": "https://artifacts-read.gkp.jpmchase.net/artifactory/api/npm/npm-external/define-properties/-/define-properties-1.2.0.tgz",
      "integrity": "sha1-UpiFcGcMnqzt2AZPSpkPJAWEm9U=",
      "optional": true,
      "requires": {
        "has-property-descriptors": "^1.0.0",
        "object-keys": "^1.1.1"
      }
    },
    "detect-node": {
      "version": "2.1.0",
      "resolved": "https://artifacts-read.gkp.jpmchase.net/artifactory/api/npm/npm-external/detect-node/-/detect-node-2.1.0.tgz",
      "integrity": "sha1-yccHdaScPQO8LAbZpzvlUPl4+LE=",
      "optional": true
    },
    "duplexer3": {
      "version": "0.1.5",
      "resolved": "https://artifacts-read.gkp.jpmchase.net/artifactory/api/npm/npm-external/duplexer3/-/duplexer3-0.1.5.tgz",
      "integrity": "sha1-C15Ne61d6JAepEQGJMjh0gCZIX4="
    },
    "electron": {
      "version": "21.2.0",
      "resolved": "https://artifacts-read.gkp.jpmchase.net/artifactory/api/npm/npm-external/electron/-/electron-21.2.0.tgz",
      "integrity": "sha1-u1fns73tONNtycn7VFwD63WQdyI=",
      "requires": {
        "@electron/get": "^1.14.1",
        "@types/node": "^16.11.26",
        "extract-zip": "^2.0.1"
      }
    },
    "encodeurl": {
      "version": "1.0.2",
      "resolved": "https://artifacts-read.gkp.jpmchase.net/artifactory/api/npm/npm-external/encodeurl/-/encodeurl-1.0.2.tgz",
      "integrity": "sha1-rT/0yG7C0CkyL1oCw6mmBslbP1k=",
      "optional": true
    },
    "end-of-stream": {
      "version": "1.4.4",
      "resolved": "https://artifacts-read.gkp.jpmchase.net/artifactory/api/npm/npm-external/end-of-stream/-/end-of-stream-1.4.4.tgz",
      "integrity": "sha1-WuZKX0UFe682JuwU2gyl5LJDHrA=",
      "requires": {
        "once": "^1.4.0"
      }
    },
    "env-paths": {
      "version": "2.2.1",
      "resolved": "https://artifacts-read.gkp.jpmchase.net/artifactory/api/npm/npm-external/env-paths/-/env-paths-2.2.1.tgz",
      "integrity": "sha1-QgOZ1BbOH76bwKB8Yvpo1n/Q+PI="
    },
    "es6-error": {
      "version": "4.1.1",
      "resolved": "https://artifacts-read.gkp.jpmchase.net/artifactory/api/npm/npm-external/es6-error/-/es6-error-4.1.1.tgz",
      "integrity": "sha1-njr0B0Wd7tR+mpH5uIWoTrBcVh0=",
      "optional": true
    },
    "escape-string-regexp": {
      "version": "4.0.0",
      "resolved": "https://artifacts-read.gkp.jpmchase.net/artifactory/api/npm/npm-external/escape-string-regexp/-/escape-string-regexp-4.0.0.tgz",
      "integrity": "sha1-FLqDpdNz49MR5a/KKc9b+tllvzQ=",
      "optional": true
    },
    "extract-zip": {
      "version": "2.0.1",
      "resolved": "https://artifacts-read.gkp.jpmchase.net/artifactory/api/npm/npm-external/extract-zip/-/extract-zip-2.0.1.tgz",
      "integrity": "sha1-Zj3KVv5G34kNXxMe9KBtIruLoTo=",
      "requires": {
        "@types/yauzl": "^2.9.1",
        "debug": "^4.1.1",
        "get-stream": "^5.1.0",
        "yauzl": "^2.10.0"
      },
      "dependencies": {
        "get-stream": {
          "version": "5.2.0",
          "resolved": "https://artifacts-read.gkp.jpmchase.net/artifactory/api/npm/npm-external/get-stream/-/get-stream-5.2.0.tgz",
          "integrity": "sha1-SWaheV7lrOZecGxLe+txJX1uItM=",
          "requires": {
            "pump": "^3.0.0"
          }
        }
      }
    },
    "fd-slicer": {
      "version": "1.1.0",
      "resolved": "https://artifacts-read.gkp.jpmchase.net/artifactory/api/npm/npm-external/fd-slicer/-/fd-slicer-1.1.0.tgz",
      "integrity": "sha1-JcfInLH5B3+IkbvmHY85Dq4lbx4=",
      "requires": {
        "pend": "~1.2.0"
      }
    },
    "fs-extra": {
      "version": "8.1.0",
      "resolved": "https://artifacts-read.gkp.jpmchase.net/artifactory/api/npm/npm-external/fs-extra/-/fs-extra-8.1.0.tgz",
      "integrity": "sha1-SdQ8RaiM2Wd2aMt74bRu/bjS4cA=",
      "requires": {
        "graceful-fs": "^4.2.0",
        "jsonfile": "^4.0.0",
        "universalify": "^0.1.0"
      }
    },
    "function-bind": {
      "version": "1.1.1",
      "resolved": "https://artifacts-read.gkp.jpmchase.net/artifactory/api/npm/npm-external/function-bind/-/function-bind-1.1.1.tgz",
      "integrity": "sha1-pWiZ0+o8m6uHS7l3O3xe3pL0iV0=",
      "optional": true
    },
    "get-intrinsic": {
      "version": "1.2.0",
      "resolved": "https://artifacts-read.gkp.jpmchase.net/artifactory/api/npm/npm-external/get-intrinsic/-/get-intrinsic-1.2.0.tgz",
      "integrity": "sha1-etHcBTXzopBLugdXcnY+UFH20F8=",
      "optional": true,
      "requires": {
        "function-bind": "^1.1.1",
        "has": "^1.0.3",
        "has-symbols": "^1.0.3"
      }
    },
    "get-stream": {
      "version": "4.1.0",
      "resolved": "https://artifacts-read.gkp.jpmchase.net/artifactory/api/npm/npm-external/get-stream/-/get-stream-4.1.0.tgz",
      "integrity": "sha1-wbJVV189wh1Zv8ec09K0axw6VLU=",
      "requires": {
        "pump": "^3.0.0"
      }
    },
    "global-agent": {
      "version": "3.0.0",
      "resolved": "https://artifacts-read.gkp.jpmchase.net/artifactory/api/npm/npm-external/global-agent/-/global-agent-3.0.0.tgz",
      "integrity": "sha1-rnzTG9NYO5PFoWQ3oa/ifMM6GrY=",
      "optional": true,
      "requires": {
        "boolean": "^3.0.1",
        "es6-error": "^4.1.1",
        "matcher": "^3.0.0",
        "roarr": "^2.15.3",
        "semver": "^7.3.2",
        "serialize-error": "^7.0.1"
      },
      "dependencies": {
        "semver": {
          "version": "7.3.8",
          "resolved": "https://artifacts-read.gkp.jpmchase.net/artifactory/api/npm/npm-external/semver/-/semver-7.3.8.tgz",
          "integrity": "sha1-B6eP6vs/ezI0fXJeM95+Ki32d5g=",
          "optional": true,
          "requires": {
            "lru-cache": "^6.0.0"
          }
        }
      }
    },
    "global-tunnel-ng": {
      "version": "2.7.1",
      "resolved": "https://artifacts-read.gkp.jpmchase.net/artifactory/api/npm/npm-external/global-tunnel-ng/-/global-tunnel-ng-2.7.1.tgz",
      "integrity": "sha1-0DtRAt/eOmmRT17n2GdhyjXVfY8=",
      "optional": true,
      "requires": {
        "encodeurl": "^1.0.2",
        "lodash": "^4.17.10",
        "npm-conf": "^1.1.3",
        "tunnel": "^0.0.6"
      }
    },
    "globalthis": {
      "version": "1.0.3",
      "resolved": "https://artifacts-read.gkp.jpmchase.net/artifactory/api/npm/npm-external/globalthis/-/globalthis-1.0.3.tgz",
      "integrity": "sha1-WFKIKlK4DcMBsGYCc+HtCC8LbM8=",
      "optional": true,
      "requires": {
        "define-properties": "^1.1.3"
      }
    },
    "got": {
      "version": "9.6.0",
      "resolved": "https://artifacts-read.gkp.jpmchase.net/artifactory/api/npm/npm-external/got/-/got-9.6.0.tgz",
      "integrity": "sha1-7fRefWf5lUVwXeH3u+7rEhdl7YU=",
      "requires": {
        "@sindresorhus/is": "^0.14.0",
        "@szmarczak/http-timer": "^1.1.2",
        "cacheable-request": "^6.0.0",
        "decompress-response": "^3.3.0",
        "duplexer3": "^0.1.4",
        "get-stream": "^4.1.0",
        "lowercase-keys": "^1.0.1",
        "mimic-response": "^1.0.1",
        "p-cancelable": "^1.0.0",
        "to-readable-stream": "^1.0.0",
        "url-parse-lax": "^3.0.0"
      }
    },
    "graceful-fs": {
      "version": "4.2.10",
      "resolved": "https://artifacts-read.gkp.jpmchase.net/artifactory/api/npm/npm-external/graceful-fs/-/graceful-fs-4.2.10.tgz",
      "integrity": "sha1-FH06AG2kyjzhRyjHrvwofDZ9emw="
    },
    "has": {
      "version": "1.0.3",
      "resolved": "https://artifacts-read.gkp.jpmchase.net/artifactory/api/npm/npm-external/has/-/has-1.0.3.tgz",
      "integrity": "sha1-ci18v8H2qoJB8W3YFOAR4fQeh5Y=",
      "optional": true,
      "requires": {
        "function-bind": "^1.1.1"
      }
    },
    "has-property-descriptors": {
      "version": "1.0.0",
      "resolved": "https://artifacts-read.gkp.jpmchase.net/artifactory/api/npm/npm-external/has-property-descriptors/-/has-property-descriptors-1.0.0.tgz",
      "integrity": "sha1-YQcIYAYG02lh7QTBlhk7amB/qGE=",
      "optional": true,
      "requires": {
        "get-intrinsic": "^1.1.1"
      }
    },
    "has-symbols": {
      "version": "1.0.3",
      "resolved": "https://artifacts-read.gkp.jpmchase.net/artifactory/api/npm/npm-external/has-symbols/-/has-symbols-1.0.3.tgz",
      "integrity": "sha1-u3ssQ0klHc6HsSX3vfh0qnyLOfg=",
      "optional": true
    },
    "http-cache-semantics": {
      "version": "4.1.1",
      "resolved": "https://artifacts-read.gkp.jpmchase.net/artifactory/api/npm/npm-external/http-cache-semantics/-/http-cache-semantics-4.1.1.tgz",
      "integrity": "sha1-q+AvyymFRgvwMjvmZENuw0dqbVo="
    },
    "ini": {
      "version": "1.3.8",
      "resolved": "https://artifacts-read.gkp.jpmchase.net/artifactory/api/npm/npm-external/ini/-/ini-1.3.8.tgz",
      "integrity": "sha1-op2kJbSIBvNHZ6Tvzjlyaa8oQyw=",
      "optional": true
    },
    "json-buffer": {
      "version": "3.0.0",
      "resolved": "https://artifacts-read.gkp.jpmchase.net/artifactory/api/npm/npm-external/json-buffer/-/json-buffer-3.0.0.tgz",
      "integrity": "sha1-Wx85evx11ne96Lz8Dkfh+aPZqJg="
    },
    "json-stringify-safe": {
      "version": "5.0.1",
      "resolved": "https://artifacts-read.gkp.jpmchase.net/artifactory/api/npm/npm-external/json-stringify-safe/-/json-stringify-safe-5.0.1.tgz",
      "integrity": "sha1-Epai1Y/UXxmg9s4B1lcB4sc1tus=",
      "optional": true
    },
    "jsonfile": {
      "version": "4.0.0",
      "resolved": "https://artifacts-read.gkp.jpmchase.net/artifactory/api/npm/npm-external/jsonfile/-/jsonfile-4.0.0.tgz",
      "integrity": "sha1-h3Gq4HmbZAdrdmQPygWPnBDjPss=",
      "requires": {
        "graceful-fs": "^4.1.6"
      }
    },
    "keyv": {
      "version": "3.1.0",
      "resolved": "https://artifacts-read.gkp.jpmchase.net/artifactory/api/npm/npm-external/keyv/-/keyv-3.1.0.tgz",
      "integrity": "sha1-7MIoSG9pmR5J6UdkhaW+Ho/FxNk=",
      "requires": {
        "json-buffer": "3.0.0"
      }
    },
    "lodash": {
      "version": "4.17.21",
      "resolved": "https://artifacts-read.gkp.jpmchase.net/artifactory/api/npm/npm-external/lodash/-/lodash-4.17.21.tgz",
      "integrity": "sha1-Z5WRxWTDv/quhFTPCz3zcMPWkRw=",
      "optional": true
    },
    "lowercase-keys": {
      "version": "1.0.1",
      "resolved": "https://artifacts-read.gkp.jpmchase.net/artifactory/api/npm/npm-external/lowercase-keys/-/lowercase-keys-1.0.1.tgz",
      "integrity": "sha1-b54wtHCE2XGnyCD/FabFFnt0wm8="
    },
    "lru-cache": {
      "version": "6.0.0",
      "resolved": "https://artifacts-read.gkp.jpmchase.net/artifactory/api/npm/npm-external/lru-cache/-/lru-cache-6.0.0.tgz",
      "integrity": "sha1-bW/mVw69lqr5D8rR2vo7JWbbOpQ=",
      "optional": true,
      "requires": {
        "yallist": "^4.0.0"
      }
    },
    "matcher": {
      "version": "3.0.0",
      "resolved": "https://artifacts-read.gkp.jpmchase.net/artifactory/api/npm/npm-external/matcher/-/matcher-3.0.0.tgz",
      "integrity": "sha1-vZBg9MW3CqgEHMxvgDaHYJlPMMo=",
      "optional": true,
      "requires": {
        "escape-string-regexp": "^4.0.0"
      }
    },
    "mimic-response": {
      "version": "1.0.1",
      "resolved": "https://artifacts-read.gkp.jpmchase.net/artifactory/api/npm/npm-external/mimic-response/-/mimic-response-1.0.1.tgz",
      "integrity": "sha1-SSNTiHju9CBjy4o+OweYeBSHqxs="
    },
    "ms": {
      "version": "2.1.2",
      "resolved": "https://artifacts-read.gkp.jpmchase.net/artifactory/api/npm/npm-external/ms/-/ms-2.1.2.tgz",
      "integrity": "sha1-0J0fNXtEP0kzgqjrPM0YOHKuYAk="
    },
    "normalize-url": {
      "version": "4.5.1",
      "resolved": "https://artifacts-read.gkp.jpmchase.net/artifactory/api/npm/npm-external/normalize-url/-/normalize-url-4.5.1.tgz",
      "integrity": "sha1-DdkM8SiO4dExO4cIHJpZMu5IUYo="
    },
    "npm-conf": {
      "version": "1.1.3",
      "resolved": "https://artifacts-read.gkp.jpmchase.net/artifactory/api/npm/npm-external/npm-conf/-/npm-conf-1.1.3.tgz",
      "integrity": "sha1-JWzEe9DiGMJZxOlVC/QTvCGSr/k=",
      "optional": true,
      "requires": {
        "config-chain": "^1.1.11",
        "pify": "^3.0.0"
      }
    },
    "object-keys": {
      "version": "1.1.1",
      "resolved": "https://artifacts-read.gkp.jpmchase.net/artifactory/api/npm/npm-external/object-keys/-/object-keys-1.1.1.tgz",
      "integrity": "sha1-HEfyct8nfzsdrwYWd9nILiMixg4=",
      "optional": true
    },
    "once": {
      "version": "1.4.0",
      "resolved": "https://artifacts-read.gkp.jpmchase.net/artifactory/api/npm/npm-external/once/-/once-1.4.0.tgz",
      "integrity": "sha1-WDsap3WWHUsROsF9nFC6753Xa9E=",
      "requires": {
        "wrappy": "1"
      }
    },
    "p-cancelable": {
      "version": "1.1.0",
      "resolved": "https://artifacts-read.gkp.jpmchase.net/artifactory/api/npm/npm-external/p-cancelable/-/p-cancelable-1.1.0.tgz",
      "integrity": "sha1-0HjRWjr0CSIMiG8dmgyi5EGrJsw="
    },
    "pend": {
      "version": "1.2.0",
      "resolved": "https://artifacts-read.gkp.jpmchase.net/artifactory/api/npm/npm-external/pend/-/pend-1.2.0.tgz",
      "integrity": "sha1-elfrVQpng/kRUzH89GY9XI4AelA="
    },
    "pify": {
      "version": "3.0.0",
      "resolved": "https://artifacts-read.gkp.jpmchase.net/artifactory/api/npm/npm-external/pify/-/pify-3.0.0.tgz",
      "integrity": "sha1-5aSs0sEB/fPZpNB/DbxNtJ3SgXY=",
      "optional": true
    },
    "prepend-http": {
      "version": "2.0.0",
      "resolved": "https://artifacts-read.gkp.jpmchase.net/artifactory/api/npm/npm-external/prepend-http/-/prepend-http-2.0.0.tgz",
      "integrity": "sha1-6SQ0v6XqjBn0HN/UAddBo8gZ2Jc="
    },
    "progress": {
      "version": "2.0.3",
      "resolved": "https://artifacts-read.gkp.jpmchase.net/artifactory/api/npm/npm-external/progress/-/progress-2.0.3.tgz",
      "integrity": "sha1-foz42PW48jnBvGi+tOt4Vn1XLvg="
    },
    "proto-list": {
      "version": "1.2.4",
      "resolved": "https://artifacts-read.gkp.jpmchase.net/artifactory/api/npm/npm-external/proto-list/-/proto-list-1.2.4.tgz",
      "integrity": "sha1-IS1b/hMYMGpCD2QCuOJv85ZHqEk=",
      "optional": true
    },
    "pump": {
      "version": "3.0.0",
      "resolved": "https://artifacts-read.gkp.jpmchase.net/artifactory/api/npm/npm-external/pump/-/pump-3.0.0.tgz",
      "integrity": "sha1-tKIRaBW94vTh6mAjVOjHVWUQemQ=",
      "requires": {
        "end-of-stream": "^1.1.0",
        "once": "^1.3.1"
      }
    },
    "responselike": {
      "version": "1.0.2",
      "resolved": "https://artifacts-read.gkp.jpmchase.net/artifactory/api/npm/npm-external/responselike/-/responselike-1.0.2.tgz",
      "integrity": "sha1-kYcg7ztjHFZCvgaPFa3lpG9Loec=",
      "requires": {
        "lowercase-keys": "^1.0.0"
      }
    },
    "roarr": {
      "version": "2.15.4",
      "resolved": "https://artifacts-read.gkp.jpmchase.net/artifactory/api/npm/npm-external/roarr/-/roarr-2.15.4.tgz",
      "integrity": "sha1-9f55W3uDjM/jXcYI4Cgrnrouev0=",
      "optional": true,
      "requires": {
        "boolean": "^3.0.1",
        "detect-node": "^2.0.4",
        "globalthis": "^1.0.1",
        "json-stringify-safe": "^5.0.1",
        "semver-compare": "^1.0.0",
        "sprintf-js": "^1.1.2"
      }
    },
    "semver": {
      "version": "6.3.0",
      "resolved": "https://artifacts-read.gkp.jpmchase.net/artifactory/api/npm/npm-external/semver/-/semver-6.3.0.tgz",
      "integrity": "sha1-7gpkyK9ejO6mdoexM3YeG+y9HT0="
    },
    "semver-compare": {
      "version": "1.0.0",
      "resolved": "https://artifacts-read.gkp.jpmchase.net/artifactory/api/npm/npm-external/semver-compare/-/semver-compare-1.0.0.tgz",
      "integrity": "sha1-De4hahyUGrN+nvsXiPavxf9VN/w=",
      "optional": true
    },
    "serialize-error": {
      "version": "7.0.1",
      "resolved": "https://artifacts-read.gkp.jpmchase.net/artifactory/api/npm/npm-external/serialize-error/-/serialize-error-7.0.1.tgz",
      "integrity": "sha1-8TYLBEf2H/tIPsQVfHN/q313jhg=",
      "optional": true,
      "requires": {
        "type-fest": "^0.13.1"
      }
    },
    "sprintf-js": {
      "version": "1.1.2",
      "resolved": "https://artifacts-read.gkp.jpmchase.net/artifactory/api/npm/npm-external/sprintf-js/-/sprintf-js-1.1.2.tgz",
      "integrity": "sha1-2hdlJiv4wPVxdJ8q1sJjACB65nM=",
      "optional": true
    },
    "sumchecker": {
      "version": "3.0.1",
      "resolved": "https://artifacts-read.gkp.jpmchase.net/artifactory/api/npm/npm-external/sumchecker/-/sumchecker-3.0.1.tgz",
      "integrity": "sha1-Y3fplnlauwttNI6bPh37JDRajkI=",
      "requires": {
        "debug": "^4.1.0"
      }
    },
    "to-readable-stream": {
      "version": "1.0.0",
      "resolved": "https://artifacts-read.gkp.jpmchase.net/artifactory/api/npm/npm-external/to-readable-stream/-/to-readable-stream-1.0.0.tgz",
      "integrity": "sha1-zgqgwvPfat+FLvtASng+d8BHV3E="
    },
    "tunnel": {
      "version": "0.0.6",
      "resolved": "https://artifacts-read.gkp.jpmchase.net/artifactory/api/npm/npm-external/tunnel/-/tunnel-0.0.6.tgz",
      "integrity": "sha1-cvExSzSlsZLbASMk3yzFh8pH+Sw=",
      "optional": true
    },
    "type-fest": {
      "version": "0.13.1",
      "resolved": "https://artifacts-read.gkp.jpmchase.net/artifactory/api/npm/npm-external/type-fest/-/type-fest-0.13.1.tgz",
      "integrity": "sha1-AXLLW86AsL1ULqNI21DH4hg02TQ=",
      "optional": true
    },
    "universalify": {
      "version": "0.1.2",
      "resolved": "https://artifacts-read.gkp.jpmchase.net/artifactory/api/npm/npm-external/universalify/-/universalify-0.1.2.tgz",
      "integrity": "sha1-tkb2m+OULavOzJ1mOcgNwQXvqmY="
    },
    "url-parse-lax": {
      "version": "3.0.0",
      "resolved": "https://artifacts-read.gkp.jpmchase.net/artifactory/api/npm/npm-external/url-parse-lax/-/url-parse-lax-3.0.0.tgz",
      "integrity": "sha1-FrXK/Afb42dsGxmZF3gj1lA6yww=",
      "requires": {
        "prepend-http": "^2.0.0"
      }
    },
    "wrappy": {
      "version": "1.0.2",
      "resolved": "https://artifacts-read.gkp.jpmchase.net/artifactory/api/npm/npm-external/wrappy/-/wrappy-1.0.2.tgz",
      "integrity": "sha1-tSQ9jz7BqjXxNkYFvA0QNuMKtp8="
    },
    "yallist": {
      "version": "4.0.0",
      "resolved": "https://artifacts-read.gkp.jpmchase.net/artifactory/api/npm/npm-external/yallist/-/yallist-4.0.0.tgz",
      "integrity": "sha1-m7knkNnA7/7GO+c1GeEaNQGaOnI=",
      "optional": true
    },
    "yauzl": {
      "version": "2.10.0",
      "resolved": "https://artifacts-read.gkp.jpmchase.net/artifactory/api/npm/npm-external/yauzl/-/yauzl-2.10.0.tgz",
      "integrity": "sha1-x+sXyT4RLLEIb6bY5R+wZnt5pfk=",
      "requires": {
        "buffer-crc32": "~0.2.3",
        "fd-slicer": "~1.1.0"
      }
    }
  }
}
